// !$*UTF8*$!
{
	archiveVersion = 1;
	classes = {
	};
	objectVersion = 56;
	objects = {

/* Begin PBXBuildFile section */
		F886C6B02AE8EB2600A56421 /* AppDelegate.m in Sources */ = {isa = PBXBuildFile; fileRef = F886C6AF2AE8EB2600A56421 /* AppDelegate.m */; };
		F886C6B22AE8EB2700A56421 /* Assets.xcassets in Resources */ = {isa = PBXBuildFile; fileRef = F886C6B12AE8EB2700A56421 /* Assets.xcassets */; };
		F886C6B72AE8EB2700A56421 /* main.m in Sources */ = {isa = PBXBuildFile; fileRef = F886C6B62AE8EB2700A56421 /* main.m */; };
		F886C6C22AE8EB2700A56421 /* WindowDragDemoAppleTests.m in Sources */ = {isa = PBXBuildFile; fileRef = F886C6C12AE8EB2700A56421 /* WindowDragDemoAppleTests.m */; };
		F886C6CC2AE8EB2700A56421 /* WindowDragDemoAppleUITests.m in Sources */ = {isa = PBXBuildFile; fileRef = F886C6CB2AE8EB2700A56421 /* WindowDragDemoAppleUITests.m */; };
		F886C6CE2AE8EB2700A56421 /* WindowDragDemoAppleUITestsLaunchTests.m in Sources */ = {isa = PBXBuildFile; fileRef = F886C6CD2AE8EB2700A56421 /* WindowDragDemoAppleUITestsLaunchTests.m */; };
		F886C6DB2AE8EC9A00A56421 /* DraggableView.m in Sources */ = {isa = PBXBuildFile; fileRef = F886C6DA2AE8EC9A00A56421 /* DraggableView.m */; };
		F886C6DE2AE8EE5800A56421 /* MainMenu.xib in Resources */ = {isa = PBXBuildFile; fileRef = F886C6DD2AE8EE5800A56421 /* MainMenu.xib */; };
/* End PBXBuildFile section */

/* Begin PBXContainerItemProxy section */
		F886C6BE2AE8EB2700A56421 /* PBXContainerItemProxy */ = {
			isa = PBXContainerItemProxy;
			containerPortal = F886C6A32AE8EB2600A56421 /* Project object */;
			proxyType = 1;
			remoteGlobalIDString = F886C6AA2AE8EB2600A56421;
			remoteInfo = WindowDragDemoApple;
		};
		F886C6C82AE8EB2700A56421 /* PBXContainerItemProxy */ = {
			isa = PBXContainerItemProxy;
			containerPortal = F886C6A32AE8EB2600A56421 /* Project object */;
			proxyType = 1;
			remoteGlobalIDString = F886C6AA2AE8EB2600A56421;
			remoteInfo = WindowDragDemoApple;
		};
/* End PBXContainerItemProxy section */

/* Begin PBXFileReference section */
		F886C6AB2AE8EB2600A56421 /* WindowDragDemoApple.app */ = {isa = PBXFileReference; explicitFileType = wrapper.application; includeInIndex = 0; path = WindowDragDemoApple.app; sourceTree = BUILT_PRODUCTS_DIR; };
		F886C6AE2AE8EB2600A56421 /* AppDelegate.h */ = {isa = PBXFileReference; lastKnownFileType = sourcecode.c.h; path = AppDelegate.h; sourceTree = "<group>"; };
		F886C6AF2AE8EB2600A56421 /* AppDelegate.m */ = {isa = PBXFileReference; lastKnownFileType = sourcecode.c.objc; path = AppDelegate.m; sourceTree = "<group>"; };
		F886C6B12AE8EB2700A56421 /* Assets.xcassets */ = {isa = PBXFileReference; lastKnownFileType = folder.assetcatalog; path = Assets.xcassets; sourceTree = "<group>"; };
		F886C6B62AE8EB2700A56421 /* main.m */ = {isa = PBXFileReference; lastKnownFileType = sourcecode.c.objc; path = main.m; sourceTree = "<group>"; };
		F886C6B82AE8EB2700A56421 /* WindowDragDemoApple.entitlements */ = {isa = PBXFileReference; lastKnownFileType = text.plist.entitlements; path = WindowDragDemoApple.entitlements; sourceTree = "<group>"; };
		F886C6BD2AE8EB2700A56421 /* WindowDragDemoAppleTests.xctest */ = {isa = PBXFileReference; explicitFileType = wrapper.cfbundle; includeInIndex = 0; path = WindowDragDemoAppleTests.xctest; sourceTree = BUILT_PRODUCTS_DIR; };
		F886C6C12AE8EB2700A56421 /* WindowDragDemoAppleTests.m */ = {isa = PBXFileReference; lastKnownFileType = sourcecode.c.objc; path = WindowDragDemoAppleTests.m; sourceTree = "<group>"; };
		F886C6C72AE8EB2700A56421 /* WindowDragDemoAppleUITests.xctest */ = {isa = PBXFileReference; explicitFileType = wrapper.cfbundle; includeInIndex = 0; path = WindowDragDemoAppleUITests.xctest; sourceTree = BUILT_PRODUCTS_DIR; };
		F886C6CB2AE8EB2700A56421 /* WindowDragDemoAppleUITests.m */ = {isa = PBXFileReference; lastKnownFileType = sourcecode.c.objc; path = WindowDragDemoAppleUITests.m; sourceTree = "<group>"; };
		F886C6CD2AE8EB2700A56421 /* WindowDragDemoAppleUITestsLaunchTests.m */ = {isa = PBXFileReference; lastKnownFileType = sourcecode.c.objc; path = WindowDragDemoAppleUITestsLaunchTests.m; sourceTree = "<group>"; };
		F886C6DA2AE8EC9A00A56421 /* DraggableView.m */ = {isa = PBXFileReference; lastKnownFileType = sourcecode.c.objc; path = DraggableView.m; sourceTree = "<group>"; };
		F886C6DC2AE8ECAC00A56421 /* DraggableView.h */ = {isa = PBXFileReference; lastKnownFileType = sourcecode.c.h; path = DraggableView.h; sourceTree = "<group>"; };
		F886C6DD2AE8EE5800A56421 /* MainMenu.xib */ = {isa = PBXFileReference; fileEncoding = 4; lastKnownFileType = file.xib; path = MainMenu.xib; sourceTree = "<group>"; };
/* End PBXFileReference section */

/* Begin PBXFrameworksBuildPhase section */
		F886C6A82AE8EB2600A56421 /* Frameworks */ = {
			isa = PBXFrameworksBuildPhase;
			buildActionMask = 2147483647;
			files = (
			);
			runOnlyForDeploymentPostprocessing = 0;
		};
		F886C6BA2AE8EB2700A56421 /* Frameworks */ = {
			isa = PBXFrameworksBuildPhase;
			buildActionMask = 2147483647;
			files = (
			);
			runOnlyForDeploymentPostprocessing = 0;
		};
		F886C6C42AE8EB2700A56421 /* Frameworks */ = {
			isa = PBXFrameworksBuildPhase;
			buildActionMask = 2147483647;
			files = (
			);
			runOnlyForDeploymentPostprocessing = 0;
		};
/* End PBXFrameworksBuildPhase section */

/* Begin PBXGroup section */
		F886C6A22AE8EB2600A56421 = {
			isa = PBXGroup;
			children = (
				F886C6AD2AE8EB2600A56421 /* WindowDragDemoApple */,
				F886C6C02AE8EB2700A56421 /* WindowDragDemoAppleTests */,
				F886C6CA2AE8EB2700A56421 /* WindowDragDemoAppleUITests */,
				F886C6AC2AE8EB2600A56421 /* Products */,
			);
			sourceTree = "<group>";
		};
		F886C6AC2AE8EB2600A56421 /* Products */ = {
			isa = PBXGroup;
			children = (
				F886C6AB2AE8EB2600A56421 /* WindowDragDemoApple.app */,
				F886C6BD2AE8EB2700A56421 /* WindowDragDemoAppleTests.xctest */,
				F886C6C72AE8EB2700A56421 /* WindowDragDemoAppleUITests.xctest */,
			);
			name = Products;
			sourceTree = "<group>";
		};
		F886C6AD2AE8EB2600A56421 /* WindowDragDemoApple */ = {
			isa = PBXGroup;
			children = (
				F886C6AE2AE8EB2600A56421 /* AppDelegate.h */,
				F886C6AF2AE8EB2600A56421 /* AppDelegate.m */,
				F886C6B12AE8EB2700A56421 /* Assets.xcassets */,
				F886C6B62AE8EB2700A56421 /* main.m */,
				F886C6DD2AE8EE5800A56421 /* MainMenu.xib */,
				F886C6DA2AE8EC9A00A56421 /* DraggableView.m */,
				F886C6DC2AE8ECAC00A56421 /* DraggableView.h */,
				F886C6B82AE8EB2700A56421 /* WindowDragDemoApple.entitlements */,
			);
			path = WindowDragDemoApple;
			sourceTree = "<group>";
		};
		F886C6C02AE8EB2700A56421 /* WindowDragDemoAppleTests */ = {
			isa = PBXGroup;
			children = (
				F886C6C12AE8EB2700A56421 /* WindowDragDemoAppleTests.m */,
			);
			path = WindowDragDemoAppleTests;
			sourceTree = "<group>";
		};
		F886C6CA2AE8EB2700A56421 /* WindowDragDemoAppleUITests */ = {
			isa = PBXGroup;
			children = (
				F886C6CB2AE8EB2700A56421 /* WindowDragDemoAppleUITests.m */,
				F886C6CD2AE8EB2700A56421 /* WindowDragDemoAppleUITestsLaunchTests.m */,
			);
			path = WindowDragDemoAppleUITests;
			sourceTree = "<group>";
		};
/* End PBXGroup section */

/* Begin PBXNativeTarget section */
		F886C6AA2AE8EB2600A56421 /* WindowDragDemoApple */ = {
			isa = PBXNativeTarget;
			buildConfigurationList = F886C6D12AE8EB2700A56421 /* Build configuration list for PBXNativeTarget "WindowDragDemoApple" */;
			buildPhases = (
				F886C6A72AE8EB2600A56421 /* Sources */,
				F886C6A82AE8EB2600A56421 /* Frameworks */,
				F886C6A92AE8EB2600A56421 /* Resources */,
			);
			buildRules = (
			);
			dependencies = (
			);
			name = WindowDragDemoApple;
			productName = WindowDragDemoApple;
			productReference = F886C6AB2AE8EB2600A56421 /* WindowDragDemoApple.app */;
			productType = "com.apple.product-type.application";
		};
		F886C6BC2AE8EB2700A56421 /* WindowDragDemoAppleTests */ = {
			isa = PBXNativeTarget;
			buildConfigurationList = F886C6D42AE8EB2700A56421 /* Build configuration list for PBXNativeTarget "WindowDragDemoAppleTests" */;
			buildPhases = (
				F886C6B92AE8EB2700A56421 /* Sources */,
				F886C6BA2AE8EB2700A56421 /* Frameworks */,
				F886C6BB2AE8EB2700A56421 /* Resources */,
			);
			buildRules = (
			);
			dependencies = (
				F886C6BF2AE8EB2700A56421 /* PBXTargetDependency */,
			);
			name = WindowDragDemoAppleTests;
			productName = WindowDragDemoAppleTests;
			productReference = F886C6BD2AE8EB2700A56421 /* WindowDragDemoAppleTests.xctest */;
			productType = "com.apple.product-type.bundle.unit-test";
		};
		F886C6C62AE8EB2700A56421 /* WindowDragDemoAppleUITests */ = {
			isa = PBXNativeTarget;
			buildConfigurationList = F886C6D72AE8EB2700A56421 /* Build configuration list for PBXNativeTarget "WindowDragDemoAppleUITests" */;
			buildPhases = (
				F886C6C32AE8EB2700A56421 /* Sources */,
				F886C6C42AE8EB2700A56421 /* Frameworks */,
				F886C6C52AE8EB2700A56421 /* Resources */,
			);
			buildRules = (
			);
			dependencies = (
				F886C6C92AE8EB2700A56421 /* PBXTargetDependency */,
			);
			name = WindowDragDemoAppleUITests;
			productName = WindowDragDemoAppleUITests;
			productReference = F886C6C72AE8EB2700A56421 /* WindowDragDemoAppleUITests.xctest */;
			productType = "com.apple.product-type.bundle.ui-testing";
		};
/* End PBXNativeTarget section */

/* Begin PBXProject section */
		F886C6A32AE8EB2600A56421 /* Project object */ = {
			isa = PBXProject;
			attributes = {
				BuildIndependentTargetsInParallel = 1;
				LastUpgradeCheck = 1500;
				TargetAttributes = {
					F886C6AA2AE8EB2600A56421 = {
						CreatedOnToolsVersion = 15.0.1;
					};
					F886C6BC2AE8EB2700A56421 = {
						CreatedOnToolsVersion = 15.0.1;
						TestTargetID = F886C6AA2AE8EB2600A56421;
					};
					F886C6C62AE8EB2700A56421 = {
						CreatedOnToolsVersion = 15.0.1;
						TestTargetID = F886C6AA2AE8EB2600A56421;
					};
				};
			};
			buildConfigurationList = F886C6A62AE8EB2600A56421 /* Build configuration list for PBXProject "WindowDragDemoApple" */;
			compatibilityVersion = "Xcode 14.0";
			developmentRegion = en;
			hasScannedForEncodings = 0;
			knownRegions = (
				en,
				Base,
			);
			mainGroup = F886C6A22AE8EB2600A56421;
			productRefGroup = F886C6AC2AE8EB2600A56421 /* Products */;
			projectDirPath = "";
			projectRoot = "";
			targets = (
				F886C6AA2AE8EB2600A56421 /* WindowDragDemoApple */,
				F886C6BC2AE8EB2700A56421 /* WindowDragDemoAppleTests */,
				F886C6C62AE8EB2700A56421 /* WindowDragDemoAppleUITests */,
			);
		};
/* End PBXProject section */

/* Begin PBXResourcesBuildPhase section */
		F886C6A92AE8EB2600A56421 /* Resources */ = {
			isa = PBXResourcesBuildPhase;
			buildActionMask = 2147483647;
			files = (
				F886C6B22AE8EB2700A56421 /* Assets.xcassets in Resources */,
				F886C6DE2AE8EE5800A56421 /* MainMenu.xib in Resources */,
			);
			runOnlyForDeploymentPostprocessing = 0;
		};
		F886C6BB2AE8EB2700A56421 /* Resources */ = {
			isa = PBXResourcesBuildPhase;
			buildActionMask = 2147483647;
			files = (
			);
			runOnlyForDeploymentPostprocessing = 0;
		};
		F886C6C52AE8EB2700A56421 /* Resources */ = {
			isa = PBXResourcesBuildPhase;
			buildActionMask = 2147483647;
			files = (
			);
			runOnlyForDeploymentPostprocessing = 0;
		};
/* End PBXResourcesBuildPhase section */

/* Begin PBXSourcesBuildPhase section */
		F886C6A72AE8EB2600A56421 /* Sources */ = {
			isa = PBXSourcesBuildPhase;
			buildActionMask = 2147483647;
			files = (
				F886C6DB2AE8EC9A00A56421 /* DraggableView.m in Sources */,
				F886C6B72AE8EB2700A56421 /* main.m in Sources */,
				F886C6B02AE8EB2600A56421 /* AppDelegate.m in Sources */,
			);
			runOnlyForDeploymentPostprocessing = 0;
		};
		F886C6B92AE8EB2700A56421 /* Sources */ = {
			isa = PBXSourcesBuildPhase;
			buildActionMask = 2147483647;
			files = (
				F886C6C22AE8EB2700A56421 /* WindowDragDemoAppleTests.m in Sources */,
			);
			runOnlyForDeploymentPostprocessing = 0;
		};
		F886C6C32AE8EB2700A56421 /* Sources */ = {
			isa = PBXSourcesBuildPhase;
			buildActionMask = 2147483647;
			files = (
				F886C6CE2AE8EB2700A56421 /* WindowDragDemoAppleUITestsLaunchTests.m in Sources */,
				F886C6CC2AE8EB2700A56421 /* WindowDragDemoAppleUITests.m in Sources */,
			);
			runOnlyForDeploymentPostprocessing = 0;
		};
/* End PBXSourcesBuildPhase section */

/* Begin PBXTargetDependency section */
		F886C6BF2AE8EB2700A56421 /* PBXTargetDependency */ = {
			isa = PBXTargetDependency;
			target = F886C6AA2AE8EB2600A56421 /* WindowDragDemoApple */;
			targetProxy = F886C6BE2AE8EB2700A56421 /* PBXContainerItemProxy */;
		};
		F886C6C92AE8EB2700A56421 /* PBXTargetDependency */ = {
			isa = PBXTargetDependency;
			target = F886C6AA2AE8EB2600A56421 /* WindowDragDemoApple */;
			targetProxy = F886C6C82AE8EB2700A56421 /* PBXContainerItemProxy */;
		};
/* End PBXTargetDependency section */

/* Begin XCBuildConfiguration section */
		F886C6CF2AE8EB2700A56421 /* Debug */ = {
			isa = XCBuildConfiguration;
			buildSettings = {
				ALWAYS_SEARCH_USER_PATHS = NO;
				ASSETCATALOG_COMPILER_GENERATE_SWIFT_ASSET_SYMBOL_EXTENSIONS = YES;
				CLANG_ANALYZER_NONNULL = YES;
				CLANG_ANALYZER_NUMBER_OBJECT_CONVERSION = YES_AGGRESSIVE;
				CLANG_CXX_LANGUAGE_STANDARD = "gnu++20";
				CLANG_ENABLE_MODULES = YES;
				CLANG_ENABLE_OBJC_ARC = YES;
				CLANG_ENABLE_OBJC_WEAK = YES;
				CLANG_WARN_BLOCK_CAPTURE_AUTORELEASING = YES;
				CLANG_WARN_BOOL_CONVERSION = YES;
				CLANG_WARN_COMMA = YES;
				CLANG_WARN_CONSTANT_CONVERSION = YES;
				CLANG_WARN_DEPRECATED_OBJC_IMPLEMENTATIONS = YES;
				CLANG_WARN_DIRECT_OBJC_ISA_USAGE = YES_ERROR;
				CLANG_WARN_DOCUMENTATION_COMMENTS = YES;
				CLANG_WARN_EMPTY_BODY = YES;
				CLANG_WARN_ENUM_CONVERSION = YES;
				CLANG_WARN_INFINITE_RECURSION = YES;
				CLANG_WARN_INT_CONVERSION = YES;
				CLANG_WARN_NON_LITERAL_NULL_CONVERSION = YES;
				CLANG_WARN_OBJC_IMPLICIT_RETAIN_SELF = YES;
				CLANG_WARN_OBJC_LITERAL_CONVERSION = YES;
				CLANG_WARN_OBJC_ROOT_CLASS = YES_ERROR;
				CLANG_WARN_QUOTED_INCLUDE_IN_FRAMEWORK_HEADER = YES;
				CLANG_WARN_RANGE_LOOP_ANALYSIS = YES;
				CLANG_WARN_STRICT_PROTOTYPES = YES;
				CLANG_WARN_SUSPICIOUS_MOVE = YES;
				CLANG_WARN_UNGUARDED_AVAILABILITY = YES_AGGRESSIVE;
				CLANG_WARN_UNREACHABLE_CODE = YES;
				CLANG_WARN__DUPLICATE_METHOD_MATCH = YES;
				COPY_PHASE_STRIP = NO;
				DEBUG_INFORMATION_FORMAT = dwarf;
				ENABLE_STRICT_OBJC_MSGSEND = YES;
				ENABLE_TESTABILITY = YES;
				ENABLE_USER_SCRIPT_SANDBOXING = YES;
				GCC_C_LANGUAGE_STANDARD = gnu17;
				GCC_DYNAMIC_NO_PIC = NO;
				GCC_NO_COMMON_BLOCKS = YES;
				GCC_OPTIMIZATION_LEVEL = 0;
				GCC_PREPROCESSOR_DEFINITIONS = (
					"DEBUG=1",
					"$(inherited)",
				);
				GCC_WARN_64_TO_32_BIT_CONVERSION = YES;
				GCC_WARN_ABOUT_RETURN_TYPE = YES_ERROR;
				GCC_WARN_UNDECLARED_SELECTOR = YES;
				GCC_WARN_UNINITIALIZED_AUTOS = YES_AGGRESSIVE;
				GCC_WARN_UNUSED_FUNCTION = YES;
				GCC_WARN_UNUSED_VARIABLE = YES;
				LOCALIZATION_PREFERS_STRING_CATALOGS = YES;
				MACOSX_DEPLOYMENT_TARGET = 14.0;
				MTL_ENABLE_DEBUG_INFO = INCLUDE_SOURCE;
				MTL_FAST_MATH = YES;
				ONLY_ACTIVE_ARCH = YES;
				SDKROOT = macosx;
			};
			name = Debug;
		};
		F886C6D02AE8EB2700A56421 /* Release */ = {
			isa = XCBuildConfiguration;
			buildSettings = {
				ALWAYS_SEARCH_USER_PATHS = NO;
				ASSETCATALOG_COMPILER_GENERATE_SWIFT_ASSET_SYMBOL_EXTENSIONS = YES;
				CLANG_ANALYZER_NONNULL = YES;
				CLANG_ANALYZER_NUMBER_OBJECT_CONVERSION = YES_AGGRESSIVE;
				CLANG_CXX_LANGUAGE_STANDARD = "gnu++20";
				CLANG_ENABLE_MODULES = YES;
				CLANG_ENABLE_OBJC_ARC = YES;
				CLANG_ENABLE_OBJC_WEAK = YES;
				CLANG_WARN_BLOCK_CAPTURE_AUTORELEASING = YES;
				CLANG_WARN_BOOL_CONVERSION = YES;
				CLANG_WARN_COMMA = YES;
				CLANG_WARN_CONSTANT_CONVERSION = YES;
				CLANG_WARN_DEPRECATED_OBJC_IMPLEMENTATIONS = YES;
				CLANG_WARN_DIRECT_OBJC_ISA_USAGE = YES_ERROR;
				CLANG_WARN_DOCUMENTATION_COMMENTS = YES;
				CLANG_WARN_EMPTY_BODY = YES;
				CLANG_WARN_ENUM_CONVERSION = YES;
				CLANG_WARN_INFINITE_RECURSION = YES;
				CLANG_WARN_INT_CONVERSION = YES;
				CLANG_WARN_NON_LITERAL_NULL_CONVERSION = YES;
				CLANG_WARN_OBJC_IMPLICIT_RETAIN_SELF = YES;
				CLANG_WARN_OBJC_LITERAL_CONVERSION = YES;
				CLANG_WARN_OBJC_ROOT_CLASS = YES_ERROR;
				CLANG_WARN_QUOTED_INCLUDE_IN_FRAMEWORK_HEADER = YES;
				CLANG_WARN_RANGE_LOOP_ANALYSIS = YES;
				CLANG_WARN_STRICT_PROTOTYPES = YES;
				CLANG_WARN_SUSPICIOUS_MOVE = YES;
				CLANG_WARN_UNGUARDED_AVAILABILITY = YES_AGGRESSIVE;
				CLANG_WARN_UNREACHABLE_CODE = YES;
				CLANG_WARN__DUPLICATE_METHOD_MATCH = YES;
				COPY_PHASE_STRIP = NO;
				DEBUG_INFORMATION_FORMAT = "dwarf-with-dsym";
				ENABLE_NS_ASSERTIONS = NO;
				ENABLE_STRICT_OBJC_MSGSEND = YES;
				ENABLE_USER_SCRIPT_SANDBOXING = YES;
				GCC_C_LANGUAGE_STANDARD = gnu17;
				GCC_NO_COMMON_BLOCKS = YES;
				GCC_WARN_64_TO_32_BIT_CONVERSION = YES;
				GCC_WARN_ABOUT_RETURN_TYPE = YES_ERROR;
				GCC_WARN_UNDECLARED_SELECTOR = YES;
				GCC_WARN_UNINITIALIZED_AUTOS = YES_AGGRESSIVE;
				GCC_WARN_UNUSED_FUNCTION = YES;
				GCC_WARN_UNUSED_VARIABLE = YES;
				LOCALIZATION_PREFERS_STRING_CATALOGS = YES;
				MACOSX_DEPLOYMENT_TARGET = 14.0;
				MTL_ENABLE_DEBUG_INFO = NO;
				MTL_FAST_MATH = YES;
				SDKROOT = macosx;
			};
			name = Release;
		};
		F886C6D22AE8EB2700A56421 /* Debug */ = {
			isa = XCBuildConfiguration;
			buildSettings = {
				ASSETCATALOG_COMPILER_APPICON_NAME = AppIcon;
				ASSETCATALOG_COMPILER_GLOBAL_ACCENT_COLOR_NAME = AccentColor;
				CODE_SIGN_ENTITLEMENTS = WindowDragDemoApple/WindowDragDemoApple.entitlements;
				CODE_SIGN_STYLE = Automatic;
				COMBINE_HIDPI_IMAGES = YES;
				CURRENT_PROJECT_VERSION = 1;
				DEVELOPMENT_TEAM = X8K8P27282;
				ENABLE_HARDENED_RUNTIME = YES;
				GENERATE_INFOPLIST_FILE = YES;
				INFOPLIST_KEY_NSHumanReadableCopyright = "";
				INFOPLIST_KEY_NSPrincipalClass = NSApplication;
				LD_RUNPATH_SEARCH_PATHS = (
					"$(inherited)",
					"@executable_path/../Frameworks",
				);
				MARKETING_VERSION = 1.0;
				PRODUCT_BUNDLE_IDENTIFIER = com.kaihuali.WindowDragDemoApple;
				PRODUCT_NAME = "$(TARGET_NAME)";
				SWIFT_EMIT_LOC_STRINGS = YES;
			};
			name = Debug;
		};
		F886C6D32AE8EB2700A56421 /* Release */ = {
			isa = XCBuildConfiguration;
			buildSettings = {
				ASSETCATALOG_COMPILER_APPICON_NAME = AppIcon;
				ASSETCATALOG_COMPILER_GLOBAL_ACCENT_COLOR_NAME = AccentColor;
				CODE_SIGN_ENTITLEMENTS = WindowDragDemoApple/WindowDragDemoApple.entitlements;
				CODE_SIGN_STYLE = Automatic;
				COMBINE_HIDPI_IMAGES = YES;
				CURRENT_PROJECT_VERSION = 1;
				DEVELOPMENT_TEAM = X8K8P27282;
				ENABLE_HARDENED_RUNTIME = YES;
				GENERATE_INFOPLIST_FILE = YES;
				INFOPLIST_KEY_NSHumanReadableCopyright = "";
				INFOPLIST_KEY_NSPrincipalClass = NSApplication;
				LD_RUNPATH_SEARCH_PATHS = (
					"$(inherited)",
					"@executable_path/../Frameworks",
				);
				MARKETING_VERSION = 1.0;
				PRODUCT_BUNDLE_IDENTIFIER = com.kaihuali.WindowDragDemoApple;
				PRODUCT_NAME = "$(TARGET_NAME)";
				SWIFT_EMIT_LOC_STRINGS = YES;
			};
			name = Release;
		};
		F886C6D52AE8EB2700A56421 /* Debug */ = {
			isa = XCBuildConfiguration;
			buildSettings = {
				BUNDLE_LOADER = "$(TEST_HOST)";
				CODE_SIGN_STYLE = Automatic;
				CURRENT_PROJECT_VERSION = 1;
				DEVELOPMENT_TEAM = X8K8P27282;
				GENERATE_INFOPLIST_FILE = YES;
				MACOSX_DEPLOYMENT_TARGET = 14.0;
				MARKETING_VERSION = 1.0;
				PRODUCT_BUNDLE_IDENTIFIER = com.kaihuali.WindowDragDemoAppleTests;
				PRODUCT_NAME = "$(TARGET_NAME)";
				SWIFT_EMIT_LOC_STRINGS = NO;
				TEST_HOST = "$(BUILT_PRODUCTS_DIR)/WindowDragDemoApple.app/$(BUNDLE_EXECUTABLE_FOLDER_PATH)/WindowDragDemoApple";
			};
			name = Debug;
		};
		F886C6D62AE8EB2700A56421 /* Release */ = {
			isa = XCBuildConfiguration;
			buildSettings = {
				BUNDLE_LOADER = "$(TEST_HOST)";
				CODE_SIGN_STYLE = Automatic;
				CURRENT_PROJECT_VERSION = 1;
				DEVELOPMENT_TEAM = X8K8P27282;
				GENERATE_INFOPLIST_FILE = YES;
				MACOSX_DEPLOYMENT_TARGET = 14.0;
				MARKETING_VERSION = 1.0;
				PRODUCT_BUNDLE_IDENTIFIER = com.kaihuali.WindowDragDemoAppleTests;
				PRODUCT_NAME = "$(TARGET_NAME)";
				SWIFT_EMIT_LOC_STRINGS = NO;
				TEST_HOST = "$(BUILT_PRODUCTS_DIR)/WindowDragDemoApple.app/$(BUNDLE_EXECUTABLE_FOLDER_PATH)/WindowDragDemoApple";
			};
			name = Release;
		};
		F886C6D82AE8EB2700A56421 /* Debug */ = {
			isa = XCBuildConfiguration;
			buildSettings = {
				CODE_SIGN_STYLE = Automatic;
				CURRENT_PROJECT_VERSION = 1;
				DEVELOPMENT_TEAM = X8K8P27282;
				GENERATE_INFOPLIST_FILE = YES;
				MARKETING_VERSION = 1.0;
				PRODUCT_BUNDLE_IDENTIFIER = com.kaihuali.WindowDragDemoAppleUITests;
				PRODUCT_NAME = "$(TARGET_NAME)";
				SWIFT_EMIT_LOC_STRINGS = NO;
				TEST_TARGET_NAME = WindowDragDemoApple;
			};
			name = Debug;
		};
		F886C6D92AE8EB2700A56421 /* Release */ = {
			isa = XCBuildConfiguration;
			buildSettings = {
				CODE_SIGN_STYLE = Automatic;
				CURRENT_PROJECT_VERSION = 1;
				DEVELOPMENT_TEAM = X8K8P27282;
				GENERATE_INFOPLIST_FILE = YES;
				MARKETING_VERSION = 1.0;
				PRODUCT_BUNDLE_IDENTIFIER = com.kaihuali.WindowDragDemoAppleUITests;
				PRODUCT_NAME = "$(TARGET_NAME)";
				SWIFT_EMIT_LOC_STRINGS = NO;
				TEST_TARGET_NAME = WindowDragDemoApple;
			};
			name = Release;
		};
/* End XCBuildConfiguration section */

/* Begin XCConfigurationList section */
		F886C6A62AE8EB2600A56421 /* Build configuration list for PBXProject "WindowDragDemoApple" */ = {
			isa = XCConfigurationList;
			buildConfigurations = (
				F886C6CF2AE8EB2700A56421 /* Debug */,
				F886C6D02AE8EB2700A56421 /* Release */,
			);
			defaultConfigurationIsVisible = 0;
			defaultConfigurationName = Release;
		};
		F886C6D12AE8EB2700A56421 /* Build configuration list for PBXNativeTarget "WindowDragDemoApple" */ = {
			isa = XCConfigurationList;
			buildConfigurations = (
				F886C6D22AE8EB2700A56421 /* Debug */,
				F886C6D32AE8EB2700A56421 /* Release */,
			);
			defaultConfigurationIsVisible = 0;
			defaultConfigurationName = Release;
		};
		F886C6D42AE8EB2700A56421 /* Build configuration list for PBXNativeTarget "WindowDragDemoAppleTests" */ = {
			isa = XCConfigurationList;
			buildConfigurations = (
				F886C6D52AE8EB2700A56421 /* Debug */,
				F886C6D62AE8EB2700A56421 /* Release */,
			);
			defaultConfigurationIsVisible = 0;
			defaultConfigurationName = Release;
		};
		F886C6D72AE8EB2700A56421 /* Build configuration list for PBXNativeTarget "WindowDragDemoAppleUITests" */ = {
			isa = XCConfigurationList;
			buildConfigurations = (
				F886C6D82AE8EB2700A56421 /* Debug */,
				F886C6D92AE8EB2700A56421 /* Release */,
			);
			defaultConfigurationIsVisible = 0;
			defaultConfigurationName = Release;
		};
/* End XCConfigurationList section */
	};
	rootObject = F886C6A32AE8EB2600A56421 /* Project object */;
}
